
Microsoft Visual Studio Solution File, Format Version 12.00
# Visual Studio Version 17
VisualStudioVersion = 17.9.34622.214
MinimumVisualStudioVersion = 10.0.40219.1
Project("{2150E333-8FDC-42A3-9474-1A3956D46DE8}") = "Services", "Services", "{99F22889-0E8A-4CB0-96A8-1E6630D3370C}"
EndProject
Project("{2150E333-8FDC-42A3-9474-1A3956D46DE8}") = "Catalog", "Catalog", "{63DF7F6C-C3A4-4D42-9978-9EBD4FC3A4D3}"
EndProject
Project("{9A19103F-16F7-4668-BE54-9A1E7A4F7556}") = "MyMicroService.Services.Catalog", "Services\Catalog\MyMicroService.Services.Catalog\MyMicroService.Services.Catalog.csproj", "{6CD5BD89-511A-4C98-8902-48F5B43992FC}"
EndProject
Project("{2150E333-8FDC-42A3-9474-1A3956D46DE8}") = "Solution Items", "Solution Items", "{DEBC1A40-F91B-4778-93E9-BDD2FA150D30}"
	ProjectSection(SolutionItems) = preProject
		Ports.txt = Ports.txt
	EndProjectSection
EndProject
Project("{2150E333-8FDC-42A3-9474-1A3956D46DE8}") = "Shared", "Shared", "{1E19B6E7-0293-49A9-ABA2-9B4970C87F27}"
EndProject
Project("{9A19103F-16F7-4668-BE54-9A1E7A4F7556}") = "MyMicroService.Shared", "Shared\MyMicroservice.Shared\MyMicroService.Shared.csproj", "{471529D3-0018-4B46-ACE0-3017D8688A3C}"
EndProject
Project("{2150E333-8FDC-42A3-9474-1A3956D46DE8}") = "IdentityServer", "IdentityServer", "{744D2AC6-C0AB-4FD0-B030-6F6A5A3FA4D9}"
EndProject
Project("{9A19103F-16F7-4668-BE54-9A1E7A4F7556}") = "MyMicroservice.IdentityServer", "IdentityServer\MyMicroservice.IdentityServer\MyMicroservice.IdentityServer.csproj", "{F76FEB7C-BA9C-4B25-BE2A-3CFF9FA00CDE}"
EndProject
Project("{2150E333-8FDC-42A3-9474-1A3956D46DE8}") = "PhotoStock", "PhotoStock", "{095FB0D9-681C-4BE7-B2A2-987D8B097F86}"
EndProject
Project("{9A19103F-16F7-4668-BE54-9A1E7A4F7556}") = "MyMicroservice.Services.PhotoStock", "Services\PhotoStock\MyMicroservice.Services.PhotoStock\MyMicroservice.Services.PhotoStock.csproj", "{BE2FD029-4FC0-45FA-803A-B12CFD2B5837}"
EndProject
Project("{2150E333-8FDC-42A3-9474-1A3956D46DE8}") = "Basket", "Basket", "{9ACBF074-4092-4077-AF95-760FE3321C77}"
EndProject
Project("{9A19103F-16F7-4668-BE54-9A1E7A4F7556}") = "MyMicroservice.Services.Basket", "Services\Basket\MyMicroservice.Services.Basket\MyMicroservice.Services.Basket.csproj", "{E5411368-158A-4840-AE47-4BF2062BF53C}"
EndProject
Project("{2150E333-8FDC-42A3-9474-1A3956D46DE8}") = "Discount", "Discount", "{299E8D6D-45FD-48AF-9661-1FC1E0BB69D7}"
EndProject
Project("{FAE04EC0-301F-11D3-BF4B-00C04F79EFBC}") = "MyMicroservice.Discount", "Services\Discount\MyMicroservice.Discount\MyMicroservice.Discount.csproj", "{41F52AC9-44D3-4930-B029-CF247D09C0D4}"
EndProject
Global
	GlobalSection(SolutionConfigurationPlatforms) = preSolution
		Debug|Any CPU = Debug|Any CPU
		Release|Any CPU = Release|Any CPU
	EndGlobalSection
	GlobalSection(ProjectConfigurationPlatforms) = postSolution
		{6CD5BD89-511A-4C98-8902-48F5B43992FC}.Debug|Any CPU.ActiveCfg = Debug|Any CPU
		{6CD5BD89-511A-4C98-8902-48F5B43992FC}.Debug|Any CPU.Build.0 = Debug|Any CPU
		{6CD5BD89-511A-4C98-8902-48F5B43992FC}.Release|Any CPU.ActiveCfg = Release|Any CPU
		{6CD5BD89-511A-4C98-8902-48F5B43992FC}.Release|Any CPU.Build.0 = Release|Any CPU
		{471529D3-0018-4B46-ACE0-3017D8688A3C}.Debug|Any CPU.ActiveCfg = Debug|Any CPU
		{471529D3-0018-4B46-ACE0-3017D8688A3C}.Debug|Any CPU.Build.0 = Debug|Any CPU
		{471529D3-0018-4B46-ACE0-3017D8688A3C}.Release|Any CPU.ActiveCfg = Release|Any CPU
		{471529D3-0018-4B46-ACE0-3017D8688A3C}.Release|Any CPU.Build.0 = Release|Any CPU
		{F76FEB7C-BA9C-4B25-BE2A-3CFF9FA00CDE}.Debug|Any CPU.ActiveCfg = Debug|Any CPU
		{F76FEB7C-BA9C-4B25-BE2A-3CFF9FA00CDE}.Debug|Any CPU.Build.0 = Debug|Any CPU
		{F76FEB7C-BA9C-4B25-BE2A-3CFF9FA00CDE}.Release|Any CPU.ActiveCfg = Release|Any CPU
		{F76FEB7C-BA9C-4B25-BE2A-3CFF9FA00CDE}.Release|Any CPU.Build.0 = Release|Any CPU
		{BE2FD029-4FC0-45FA-803A-B12CFD2B5837}.Debug|Any CPU.ActiveCfg = Debug|Any CPU
		{BE2FD029-4FC0-45FA-803A-B12CFD2B5837}.Debug|Any CPU.Build.0 = Debug|Any CPU
		{BE2FD029-4FC0-45FA-803A-B12CFD2B5837}.Release|Any CPU.ActiveCfg = Release|Any CPU
		{BE2FD029-4FC0-45FA-803A-B12CFD2B5837}.Release|Any CPU.Build.0 = Release|Any CPU
		{E5411368-158A-4840-AE47-4BF2062BF53C}.Debug|Any CPU.ActiveCfg = Debug|Any CPU
		{E5411368-158A-4840-AE47-4BF2062BF53C}.Debug|Any CPU.Build.0 = Debug|Any CPU
		{E5411368-158A-4840-AE47-4BF2062BF53C}.Release|Any CPU.ActiveCfg = Release|Any CPU
		{E5411368-158A-4840-AE47-4BF2062BF53C}.Release|Any CPU.Build.0 = Release|Any CPU
		{41F52AC9-44D3-4930-B029-CF247D09C0D4}.Debug|Any CPU.ActiveCfg = Debug|Any CPU
		{41F52AC9-44D3-4930-B029-CF247D09C0D4}.Debug|Any CPU.Build.0 = Debug|Any CPU
		{41F52AC9-44D3-4930-B029-CF247D09C0D4}.Release|Any CPU.ActiveCfg = Release|Any CPU
		{41F52AC9-44D3-4930-B029-CF247D09C0D4}.Release|Any CPU.Build.0 = Release|Any CPU
	EndGlobalSection
	GlobalSection(SolutionProperties) = preSolution
		HideSolutionNode = FALSE
	EndGlobalSection
	GlobalSection(NestedProjects) = preSolution
		{63DF7F6C-C3A4-4D42-9978-9EBD4FC3A4D3} = {99F22889-0E8A-4CB0-96A8-1E6630D3370C}
		{6CD5BD89-511A-4C98-8902-48F5B43992FC} = {63DF7F6C-C3A4-4D42-9978-9EBD4FC3A4D3}
		{471529D3-0018-4B46-ACE0-3017D8688A3C} = {1E19B6E7-0293-49A9-ABA2-9B4970C87F27}
		{F76FEB7C-BA9C-4B25-BE2A-3CFF9FA00CDE} = {744D2AC6-C0AB-4FD0-B030-6F6A5A3FA4D9}
		{095FB0D9-681C-4BE7-B2A2-987D8B097F86} = {99F22889-0E8A-4CB0-96A8-1E6630D3370C}
		{BE2FD029-4FC0-45FA-803A-B12CFD2B5837} = {095FB0D9-681C-4BE7-B2A2-987D8B097F86}
		{9ACBF074-4092-4077-AF95-760FE3321C77} = {99F22889-0E8A-4CB0-96A8-1E6630D3370C}
		{E5411368-158A-4840-AE47-4BF2062BF53C} = {9ACBF074-4092-4077-AF95-760FE3321C77}
		{299E8D6D-45FD-48AF-9661-1FC1E0BB69D7} = {99F22889-0E8A-4CB0-96A8-1E6630D3370C}
		{41F52AC9-44D3-4930-B029-CF247D09C0D4} = {299E8D6D-45FD-48AF-9661-1FC1E0BB69D7}
	EndGlobalSection
	GlobalSection(ExtensibilityGlobals) = postSolution
		SolutionGuid = {E6D58758-6050-4C4D-8CE9-431C4DD48620}
	EndGlobalSection
EndGlobal
